Microsoft Visual Studio Solution File, Format Version 12.00
# Visual Studio Version 17
VisualStudioVersion = 17.5.2.0
MinimumVisualStudioVersion = 10.0.40219.1
Project("{FAE04EC0-301F-11D3-BF4B-00C04F79EFBC}") = "SecurityTesting", "SecurityTesting\SecurityTesting.csproj", "{4BDBAF69-C1DB-CF41-F7F6-D5B6319C863F}"
EndProject
Project("{FAE04EC0-301F-11D3-BF4B-00C04F79EFBC}") = "UsersTesting", "UsersTesting\UsersTesting.csproj", "{AA22C8E5-AFF8-ABBD-DF46-F83EAEB23A66}"
EndProject
Global
	GlobalSection(SolutionConfigurationPlatforms) = preSolution
		Debug|Any CPU = Debug|Any CPU
		Release|Any CPU = Release|Any CPU
	EndGlobalSection
	GlobalSection(ProjectConfigurationPlatforms) = postSolution
		{4BDBAF69-C1DB-CF41-F7F6-D5B6319C863F}.Debug|Any CPU.ActiveCfg = Debug|Any CPU
		{4BDBAF69-C1DB-CF41-F7F6-D5B6319C863F}.Debug|Any CPU.Build.0 = Debug|Any CPU
		{4BDBAF69-C1DB-CF41-F7F6-D5B6319C863F}.Release|Any CPU.ActiveCfg = Release|Any CPU
		{4BDBAF69-C1DB-CF41-F7F6-D5B6319C863F}.Release|Any CPU.Build.0 = Release|Any CPU
		{AA22C8E5-AFF8-ABBD-DF46-F83EAEB23A66}.Debug|Any CPU.ActiveCfg = Debug|Any CPU
		{AA22C8E5-AFF8-ABBD-DF46-F83EAEB23A66}.Debug|Any CPU.Build.0 = Debug|Any CPU
		{AA22C8E5-AFF8-ABBD-DF46-F83EAEB23A66}.Release|Any CPU.ActiveCfg = Release|Any CPU
		{AA22C8E5-AFF8-ABBD-DF46-F83EAEB23A66}.Release|Any CPU.Build.0 = Release|Any CPU
	EndGlobalSection
	GlobalSection(SolutionProperties) = preSolution
		HideSolutionNode = FALSE
	EndGlobalSection
	GlobalSection(ExtensibilityGlobals) = postSolution
		SolutionGuid = {7818E488-94EB-487E-9479-EB7B5DDE0D9E}
	EndGlobalSection
EndGlobal
