
Microsoft Visual Studio Solution File, Format Version 12.00
# Visual Studio Version 17
VisualStudioVersion = 17.13.35806.99
MinimumVisualStudioVersion = 10.0.40219.1
Project("{FAE04EC0-301F-11D3-BF4B-00C04F79EFBC}") = "SecureMesh", "SecureMesh\SecureMesh.csproj", "{19EA62F8-4A7D-427B-A64C-2DB6BAC61DF6}"
EndProject
Project("{E53339B2-1760-4266-BCC7-CA923CBCF16C}") = "docker-compose", "docker-compose.dcproj", "{81DDED9D-158B-E303-5F62-77A2896D2A5A}"
EndProject
Project("{2150E333-8FDC-42A3-9474-1A3956D46DE8}") = "Service", "Service", "{02EA681E-C7D8-13C7-8484-4AC65E1B71E8}"
EndProject
Project("{FAE04EC0-301F-11D3-BF4B-00C04F79EFBC}") = "User", "Service\User\User.csproj", "{22EABEA4-F137-4444-ACFE-6C723BA05ABB}"
EndProject
Project("{FAE04EC0-301F-11D3-BF4B-00C04F79EFBC}") = "Security", "Service\Security\Security.csproj", "{11224087-B99E-46DB-89E3-67BBB0619F55}"
EndProject
Project("{2150E333-8FDC-42A3-9474-1A3956D46DE8}") = "Test", "Test", "{0C88DD14-F956-CE84-757C-A364CCF449FC}"
EndProject
Project("{FAE04EC0-301F-11D3-BF4B-00C04F79EFBC}") = "UsersTesting", "Test\UsersTesting\UsersTesting.csproj", "{280E9B7B-BBE0-4A0A-8F81-737E6BCD7CBE}"
EndProject
Project("{FAE04EC0-301F-11D3-BF4B-00C04F79EFBC}") = "SecurityTesting", "Test\SecurityTesting\SecurityTesting.csproj", "{E2C5DEBE-1505-4093-B406-ED8A06BD88CC}"
EndProject
Project("{2150E333-8FDC-42A3-9474-1A3956D46DE8}") = "Workers", "Workers", "{20543853-AF10-B830-2A3D-9FE9F6ECBF6C}"
EndProject
Project("{FAE04EC0-301F-11D3-BF4B-00C04F79EFBC}") = "EmailVerificationWorker", "Workers\EmailVerificationWorker\EmailVerificationWorker.csproj", "{106E2EE6-9748-46D7-8DCC-684463F0E09E}"
EndProject
Project("{FAE04EC0-301F-11D3-BF4B-00C04F79EFBC}") = "WelcomeMessageWorker", "Workers\WelcomeMessageWorker\WelcomeMessageWorker.csproj", "{B5DA249B-E4FA-4DEF-A6BA-886315451040}"
EndProject
Project("{FAE04EC0-301F-11D3-BF4B-00C04F79EFBC}") = "NewEmailVerificationWorker", "Workers\NewEmailVerificationWorker\NewEmailVerificationWorker.csproj", "{C068D7D9-4664-4448-926F-C306597BC0F6}"
EndProject
Project("{FAE04EC0-301F-11D3-BF4B-00C04F79EFBC}") = "PasswordRecuperation", "Workers\PasswordRecuperation\PasswordRecuperation.csproj", "{8F645DC9-1C01-458D-B136-3A2A2077FAC1}"
EndProject
Project("{2150E333-8FDC-42A3-9474-1A3956D46DE8}") = "Shares", "Shares", "{8FDB07CC-FFE6-CDE9-B6DB-9B744D6CC243}"
EndProject
Project("{FAE04EC0-301F-11D3-BF4B-00C04F79EFBC}") = "RabbirMQWorker", "Shares\RabbirMQWorker\RabbirMQWorker.csproj", "{7D15F859-75CC-4F38-BAA5-A8FEA0B915BB}"
EndProject
Project("{FAE04EC0-301F-11D3-BF4B-00C04F79EFBC}") = "UserVerificationMessage", "Shares\UserVerificationMessage\UserVerificationMessage.csproj", "{4C499DEB-7CF5-4BD7-BC11-518BB4977128}"
EndProject
Project("{2150E333-8FDC-42A3-9474-1A3956D46DE8}") = "Server", "Server", "{DAD03CFC-D5FA-AC94-41C7-9ABAB326F09E}"
EndProject
Project("{FAE04EC0-301F-11D3-BF4B-00C04F79EFBC}") = "HangfireUserServer", "Server\HangfireUserServer\HangfireUserServer.csproj", "{245A5AA2-D858-4EDB-996D-9B12345A59AA}"
EndProject
Global
	GlobalSection(SolutionConfigurationPlatforms) = preSolution
		Debug|Any CPU = Debug|Any CPU
		Debug|x64 = Debug|x64
		Debug|x86 = Debug|x86
		Release|Any CPU = Release|Any CPU
		Release|x64 = Release|x64
		Release|x86 = Release|x86
	EndGlobalSection
	GlobalSection(ProjectConfigurationPlatforms) = postSolution
		{19EA62F8-4A7D-427B-A64C-2DB6BAC61DF6}.Debug|Any CPU.ActiveCfg = Debug|Any CPU
		{19EA62F8-4A7D-427B-A64C-2DB6BAC61DF6}.Debug|Any CPU.Build.0 = Debug|Any CPU
		{19EA62F8-4A7D-427B-A64C-2DB6BAC61DF6}.Debug|x64.ActiveCfg = Debug|Any CPU
		{19EA62F8-4A7D-427B-A64C-2DB6BAC61DF6}.Debug|x64.Build.0 = Debug|Any CPU
		{19EA62F8-4A7D-427B-A64C-2DB6BAC61DF6}.Debug|x86.ActiveCfg = Debug|Any CPU
		{19EA62F8-4A7D-427B-A64C-2DB6BAC61DF6}.Debug|x86.Build.0 = Debug|Any CPU
		{19EA62F8-4A7D-427B-A64C-2DB6BAC61DF6}.Release|Any CPU.ActiveCfg = Release|Any CPU
		{19EA62F8-4A7D-427B-A64C-2DB6BAC61DF6}.Release|Any CPU.Build.0 = Release|Any CPU
		{19EA62F8-4A7D-427B-A64C-2DB6BAC61DF6}.Release|x64.ActiveCfg = Release|Any CPU
		{19EA62F8-4A7D-427B-A64C-2DB6BAC61DF6}.Release|x64.Build.0 = Release|Any CPU
		{19EA62F8-4A7D-427B-A64C-2DB6BAC61DF6}.Release|x86.ActiveCfg = Release|Any CPU
		{19EA62F8-4A7D-427B-A64C-2DB6BAC61DF6}.Release|x86.Build.0 = Release|Any CPU
		{81DDED9D-158B-E303-5F62-77A2896D2A5A}.Debug|Any CPU.ActiveCfg = Debug|Any CPU
		{81DDED9D-158B-E303-5F62-77A2896D2A5A}.Debug|Any CPU.Build.0 = Debug|Any CPU
		{81DDED9D-158B-E303-5F62-77A2896D2A5A}.Debug|x64.ActiveCfg = Debug|x64
		{81DDED9D-158B-E303-5F62-77A2896D2A5A}.Debug|x86.ActiveCfg = Debug|x86
		{81DDED9D-158B-E303-5F62-77A2896D2A5A}.Release|Any CPU.ActiveCfg = Release|Any CPU
		{81DDED9D-158B-E303-5F62-77A2896D2A5A}.Release|Any CPU.Build.0 = Release|Any CPU
		{81DDED9D-158B-E303-5F62-77A2896D2A5A}.Release|x64.ActiveCfg = Release|x64
		{81DDED9D-158B-E303-5F62-77A2896D2A5A}.Release|x86.ActiveCfg = Release|x86
		{22EABEA4-F137-4444-ACFE-6C723BA05ABB}.Debug|Any CPU.ActiveCfg = Debug|Any CPU
		{22EABEA4-F137-4444-ACFE-6C723BA05ABB}.Debug|Any CPU.Build.0 = Debug|Any CPU
		{22EABEA4-F137-4444-ACFE-6C723BA05ABB}.Debug|x64.ActiveCfg = Debug|Any CPU
		{22EABEA4-F137-4444-ACFE-6C723BA05ABB}.Debug|x64.Build.0 = Debug|Any CPU
		{22EABEA4-F137-4444-ACFE-6C723BA05ABB}.Debug|x86.ActiveCfg = Debug|Any CPU
		{22EABEA4-F137-4444-ACFE-6C723BA05ABB}.Debug|x86.Build.0 = Debug|Any CPU
		{22EABEA4-F137-4444-ACFE-6C723BA05ABB}.Release|Any CPU.ActiveCfg = Release|Any CPU
		{22EABEA4-F137-4444-ACFE-6C723BA05ABB}.Release|Any CPU.Build.0 = Release|Any CPU
		{22EABEA4-F137-4444-ACFE-6C723BA05ABB}.Release|x64.ActiveCfg = Release|Any CPU
		{22EABEA4-F137-4444-ACFE-6C723BA05ABB}.Release|x64.Build.0 = Release|Any CPU
		{22EABEA4-F137-4444-ACFE-6C723BA05ABB}.Release|x86.ActiveCfg = Release|Any CPU
		{22EABEA4-F137-4444-ACFE-6C723BA05ABB}.Release|x86.Build.0 = Release|Any CPU
		{11224087-B99E-46DB-89E3-67BBB0619F55}.Debug|Any CPU.ActiveCfg = Debug|Any CPU
		{11224087-B99E-46DB-89E3-67BBB0619F55}.Debug|Any CPU.Build.0 = Debug|Any CPU
		{11224087-B99E-46DB-89E3-67BBB0619F55}.Debug|x64.ActiveCfg = Debug|Any CPU
		{11224087-B99E-46DB-89E3-67BBB0619F55}.Debug|x64.Build.0 = Debug|Any CPU
		{11224087-B99E-46DB-89E3-67BBB0619F55}.Debug|x86.ActiveCfg = Debug|Any CPU
		{11224087-B99E-46DB-89E3-67BBB0619F55}.Debug|x86.Build.0 = Debug|Any CPU
		{11224087-B99E-46DB-89E3-67BBB0619F55}.Release|Any CPU.ActiveCfg = Release|Any CPU
		{11224087-B99E-46DB-89E3-67BBB0619F55}.Release|Any CPU.Build.0 = Release|Any CPU
		{11224087-B99E-46DB-89E3-67BBB0619F55}.Release|x64.ActiveCfg = Release|Any CPU
		{11224087-B99E-46DB-89E3-67BBB0619F55}.Release|x64.Build.0 = Release|Any CPU
		{11224087-B99E-46DB-89E3-67BBB0619F55}.Release|x86.ActiveCfg = Release|Any CPU
		{11224087-B99E-46DB-89E3-67BBB0619F55}.Release|x86.Build.0 = Release|Any CPU
		{280E9B7B-BBE0-4A0A-8F81-737E6BCD7CBE}.Debug|Any CPU.ActiveCfg = Debug|Any CPU
		{280E9B7B-BBE0-4A0A-8F81-737E6BCD7CBE}.Debug|Any CPU.Build.0 = Debug|Any CPU
		{280E9B7B-BBE0-4A0A-8F81-737E6BCD7CBE}.Debug|x64.ActiveCfg = Debug|Any CPU
		{280E9B7B-BBE0-4A0A-8F81-737E6BCD7CBE}.Debug|x64.Build.0 = Debug|Any CPU
		{280E9B7B-BBE0-4A0A-8F81-737E6BCD7CBE}.Debug|x86.ActiveCfg = Debug|Any CPU
		{280E9B7B-BBE0-4A0A-8F81-737E6BCD7CBE}.Debug|x86.Build.0 = Debug|Any CPU
		{280E9B7B-BBE0-4A0A-8F81-737E6BCD7CBE}.Release|Any CPU.ActiveCfg = Release|Any CPU
		{280E9B7B-BBE0-4A0A-8F81-737E6BCD7CBE}.Release|Any CPU.Build.0 = Release|Any CPU
		{280E9B7B-BBE0-4A0A-8F81-737E6BCD7CBE}.Release|x64.ActiveCfg = Release|Any CPU
		{280E9B7B-BBE0-4A0A-8F81-737E6BCD7CBE}.Release|x64.Build.0 = Release|Any CPU
		{280E9B7B-BBE0-4A0A-8F81-737E6BCD7CBE}.Release|x86.ActiveCfg = Release|Any CPU
		{280E9B7B-BBE0-4A0A-8F81-737E6BCD7CBE}.Release|x86.Build.0 = Release|Any CPU
		{E2C5DEBE-1505-4093-B406-ED8A06BD88CC}.Debug|Any CPU.ActiveCfg = Debug|Any CPU
		{E2C5DEBE-1505-4093-B406-ED8A06BD88CC}.Debug|Any CPU.Build.0 = Debug|Any CPU
		{E2C5DEBE-1505-4093-B406-ED8A06BD88CC}.Debug|x64.ActiveCfg = Debug|Any CPU
		{E2C5DEBE-1505-4093-B406-ED8A06BD88CC}.Debug|x64.Build.0 = Debug|Any CPU
		{E2C5DEBE-1505-4093-B406-ED8A06BD88CC}.Debug|x86.ActiveCfg = Debug|Any CPU
		{E2C5DEBE-1505-4093-B406-ED8A06BD88CC}.Debug|x86.Build.0 = Debug|Any CPU
		{E2C5DEBE-1505-4093-B406-ED8A06BD88CC}.Release|Any CPU.ActiveCfg = Release|Any CPU
		{E2C5DEBE-1505-4093-B406-ED8A06BD88CC}.Release|Any CPU.Build.0 = Release|Any CPU
		{E2C5DEBE-1505-4093-B406-ED8A06BD88CC}.Release|x64.ActiveCfg = Release|Any CPU
		{E2C5DEBE-1505-4093-B406-ED8A06BD88CC}.Release|x64.Build.0 = Release|Any CPU
		{E2C5DEBE-1505-4093-B406-ED8A06BD88CC}.Release|x86.ActiveCfg = Release|Any CPU
		{E2C5DEBE-1505-4093-B406-ED8A06BD88CC}.Release|x86.Build.0 = Release|Any CPU
		{106E2EE6-9748-46D7-8DCC-684463F0E09E}.Debug|Any CPU.ActiveCfg = Debug|Any CPU
		{106E2EE6-9748-46D7-8DCC-684463F0E09E}.Debug|Any CPU.Build.0 = Debug|Any CPU
		{106E2EE6-9748-46D7-8DCC-684463F0E09E}.Debug|x64.ActiveCfg = Debug|Any CPU
		{106E2EE6-9748-46D7-8DCC-684463F0E09E}.Debug|x64.Build.0 = Debug|Any CPU
		{106E2EE6-9748-46D7-8DCC-684463F0E09E}.Debug|x86.ActiveCfg = Debug|Any CPU
		{106E2EE6-9748-46D7-8DCC-684463F0E09E}.Debug|x86.Build.0 = Debug|Any CPU
		{106E2EE6-9748-46D7-8DCC-684463F0E09E}.Release|Any CPU.ActiveCfg = Release|Any CPU
		{106E2EE6-9748-46D7-8DCC-684463F0E09E}.Release|Any CPU.Build.0 = Release|Any CPU
		{106E2EE6-9748-46D7-8DCC-684463F0E09E}.Release|x64.ActiveCfg = Release|Any CPU
		{106E2EE6-9748-46D7-8DCC-684463F0E09E}.Release|x64.Build.0 = Release|Any CPU
		{106E2EE6-9748-46D7-8DCC-684463F0E09E}.Release|x86.ActiveCfg = Release|Any CPU
		{106E2EE6-9748-46D7-8DCC-684463F0E09E}.Release|x86.Build.0 = Release|Any CPU
		{B5DA249B-E4FA-4DEF-A6BA-886315451040}.Debug|Any CPU.ActiveCfg = Debug|Any CPU
		{B5DA249B-E4FA-4DEF-A6BA-886315451040}.Debug|Any CPU.Build.0 = Debug|Any CPU
		{B5DA249B-E4FA-4DEF-A6BA-886315451040}.Debug|x64.ActiveCfg = Debug|Any CPU
		{B5DA249B-E4FA-4DEF-A6BA-886315451040}.Debug|x64.Build.0 = Debug|Any CPU
		{B5DA249B-E4FA-4DEF-A6BA-886315451040}.Debug|x86.ActiveCfg = Debug|Any CPU
		{B5DA249B-E4FA-4DEF-A6BA-886315451040}.Debug|x86.Build.0 = Debug|Any CPU
		{B5DA249B-E4FA-4DEF-A6BA-886315451040}.Release|Any CPU.ActiveCfg = Release|Any CPU
		{B5DA249B-E4FA-4DEF-A6BA-886315451040}.Release|Any CPU.Build.0 = Release|Any CPU
		{B5DA249B-E4FA-4DEF-A6BA-886315451040}.Release|x64.ActiveCfg = Release|Any CPU
		{B5DA249B-E4FA-4DEF-A6BA-886315451040}.Release|x64.Build.0 = Release|Any CPU
		{B5DA249B-E4FA-4DEF-A6BA-886315451040}.Release|x86.ActiveCfg = Release|Any CPU
		{B5DA249B-E4FA-4DEF-A6BA-886315451040}.Release|x86.Build.0 = Release|Any CPU
		{C068D7D9-4664-4448-926F-C306597BC0F6}.Debug|Any CPU.ActiveCfg = Debug|Any CPU
		{C068D7D9-4664-4448-926F-C306597BC0F6}.Debug|Any CPU.Build.0 = Debug|Any CPU
		{C068D7D9-4664-4448-926F-C306597BC0F6}.Debug|x64.ActiveCfg = Debug|Any CPU
		{C068D7D9-4664-4448-926F-C306597BC0F6}.Debug|x64.Build.0 = Debug|Any CPU
		{C068D7D9-4664-4448-926F-C306597BC0F6}.Debug|x86.ActiveCfg = Debug|Any CPU
		{C068D7D9-4664-4448-926F-C306597BC0F6}.Debug|x86.Build.0 = Debug|Any CPU
		{C068D7D9-4664-4448-926F-C306597BC0F6}.Release|Any CPU.ActiveCfg = Release|Any CPU
		{C068D7D9-4664-4448-926F-C306597BC0F6}.Release|Any CPU.Build.0 = Release|Any CPU
		{C068D7D9-4664-4448-926F-C306597BC0F6}.Release|x64.ActiveCfg = Release|Any CPU
		{C068D7D9-4664-4448-926F-C306597BC0F6}.Release|x64.Build.0 = Release|Any CPU
		{C068D7D9-4664-4448-926F-C306597BC0F6}.Release|x86.ActiveCfg = Release|Any CPU
		{C068D7D9-4664-4448-926F-C306597BC0F6}.Release|x86.Build.0 = Release|Any CPU
		{8F645DC9-1C01-458D-B136-3A2A2077FAC1}.Debug|Any CPU.ActiveCfg = Debug|Any CPU
		{8F645DC9-1C01-458D-B136-3A2A2077FAC1}.Debug|Any CPU.Build.0 = Debug|Any CPU
		{8F645DC9-1C01-458D-B136-3A2A2077FAC1}.Debug|x64.ActiveCfg = Debug|Any CPU
		{8F645DC9-1C01-458D-B136-3A2A2077FAC1}.Debug|x64.Build.0 = Debug|Any CPU
		{8F645DC9-1C01-458D-B136-3A2A2077FAC1}.Debug|x86.ActiveCfg = Debug|Any CPU
		{8F645DC9-1C01-458D-B136-3A2A2077FAC1}.Debug|x86.Build.0 = Debug|Any CPU
		{8F645DC9-1C01-458D-B136-3A2A2077FAC1}.Release|Any CPU.ActiveCfg = Release|Any CPU
		{8F645DC9-1C01-458D-B136-3A2A2077FAC1}.Release|Any CPU.Build.0 = Release|Any CPU
		{8F645DC9-1C01-458D-B136-3A2A2077FAC1}.Release|x64.ActiveCfg = Release|Any CPU
		{8F645DC9-1C01-458D-B136-3A2A2077FAC1}.Release|x64.Build.0 = Release|Any CPU
		{8F645DC9-1C01-458D-B136-3A2A2077FAC1}.Release|x86.ActiveCfg = Release|Any CPU
		{8F645DC9-1C01-458D-B136-3A2A2077FAC1}.Release|x86.Build.0 = Release|Any CPU
		{7D15F859-75CC-4F38-BAA5-A8FEA0B915BB}.Debug|Any CPU.ActiveCfg = Debug|Any CPU
		{7D15F859-75CC-4F38-BAA5-A8FEA0B915BB}.Debug|Any CPU.Build.0 = Debug|Any CPU
		{7D15F859-75CC-4F38-BAA5-A8FEA0B915BB}.Debug|x64.ActiveCfg = Debug|Any CPU
		{7D15F859-75CC-4F38-BAA5-A8FEA0B915BB}.Debug|x64.Build.0 = Debug|Any CPU
		{7D15F859-75CC-4F38-BAA5-A8FEA0B915BB}.Debug|x86.ActiveCfg = Debug|Any CPU
		{7D15F859-75CC-4F38-BAA5-A8FEA0B915BB}.Debug|x86.Build.0 = Debug|Any CPU
		{7D15F859-75CC-4F38-BAA5-A8FEA0B915BB}.Release|Any CPU.ActiveCfg = Release|Any CPU
		{7D15F859-75CC-4F38-BAA5-A8FEA0B915BB}.Release|Any CPU.Build.0 = Release|Any CPU
		{7D15F859-75CC-4F38-BAA5-A8FEA0B915BB}.Release|x64.ActiveCfg = Release|Any CPU
		{7D15F859-75CC-4F38-BAA5-A8FEA0B915BB}.Release|x64.Build.0 = Release|Any CPU
		{7D15F859-75CC-4F38-BAA5-A8FEA0B915BB}.Release|x86.ActiveCfg = Release|Any CPU
		{7D15F859-75CC-4F38-BAA5-A8FEA0B915BB}.Release|x86.Build.0 = Release|Any CPU
		{4C499DEB-7CF5-4BD7-BC11-518BB4977128}.Debug|Any CPU.ActiveCfg = Debug|Any CPU
		{4C499DEB-7CF5-4BD7-BC11-518BB4977128}.Debug|Any CPU.Build.0 = Debug|Any CPU
		{4C499DEB-7CF5-4BD7-BC11-518BB4977128}.Debug|x64.ActiveCfg = Debug|Any CPU
		{4C499DEB-7CF5-4BD7-BC11-518BB4977128}.Debug|x64.Build.0 = Debug|Any CPU
		{4C499DEB-7CF5-4BD7-BC11-518BB4977128}.Debug|x86.ActiveCfg = Debug|Any CPU
		{4C499DEB-7CF5-4BD7-BC11-518BB4977128}.Debug|x86.Build.0 = Debug|Any CPU
		{4C499DEB-7CF5-4BD7-BC11-518BB4977128}.Release|Any CPU.ActiveCfg = Release|Any CPU
		{4C499DEB-7CF5-4BD7-BC11-518BB4977128}.Release|Any CPU.Build.0 = Release|Any CPU
		{4C499DEB-7CF5-4BD7-BC11-518BB4977128}.Release|x64.ActiveCfg = Release|Any CPU
		{4C499DEB-7CF5-4BD7-BC11-518BB4977128}.Release|x64.Build.0 = Release|Any CPU
		{4C499DEB-7CF5-4BD7-BC11-518BB4977128}.Release|x86.ActiveCfg = Release|Any CPU
		{4C499DEB-7CF5-4BD7-BC11-518BB4977128}.Release|x86.Build.0 = Release|Any CPU
		{245A5AA2-D858-4EDB-996D-9B12345A59AA}.Debug|Any CPU.ActiveCfg = Debug|Any CPU
		{245A5AA2-D858-4EDB-996D-9B12345A59AA}.Debug|Any CPU.Build.0 = Debug|Any CPU
		{245A5AA2-D858-4EDB-996D-9B12345A59AA}.Debug|x64.ActiveCfg = Debug|Any CPU
		{245A5AA2-D858-4EDB-996D-9B12345A59AA}.Debug|x64.Build.0 = Debug|Any CPU
		{245A5AA2-D858-4EDB-996D-9B12345A59AA}.Debug|x86.ActiveCfg = Debug|Any CPU
		{245A5AA2-D858-4EDB-996D-9B12345A59AA}.Debug|x86.Build.0 = Debug|Any CPU
		{245A5AA2-D858-4EDB-996D-9B12345A59AA}.Release|Any CPU.ActiveCfg = Release|Any CPU
		{245A5AA2-D858-4EDB-996D-9B12345A59AA}.Release|Any CPU.Build.0 = Release|Any CPU
		{245A5AA2-D858-4EDB-996D-9B12345A59AA}.Release|x64.ActiveCfg = Release|Any CPU
		{245A5AA2-D858-4EDB-996D-9B12345A59AA}.Release|x64.Build.0 = Release|Any CPU
		{245A5AA2-D858-4EDB-996D-9B12345A59AA}.Release|x86.ActiveCfg = Release|Any CPU
		{245A5AA2-D858-4EDB-996D-9B12345A59AA}.Release|x86.Build.0 = Release|Any CPU
	EndGlobalSection
	GlobalSection(SolutionProperties) = preSolution
		HideSolutionNode = FALSE
	EndGlobalSection
	GlobalSection(NestedProjects) = preSolution
		{22EABEA4-F137-4444-ACFE-6C723BA05ABB} = {02EA681E-C7D8-13C7-8484-4AC65E1B71E8}
		{11224087-B99E-46DB-89E3-67BBB0619F55} = {02EA681E-C7D8-13C7-8484-4AC65E1B71E8}
		{280E9B7B-BBE0-4A0A-8F81-737E6BCD7CBE} = {0C88DD14-F956-CE84-757C-A364CCF449FC}
		{E2C5DEBE-1505-4093-B406-ED8A06BD88CC} = {0C88DD14-F956-CE84-757C-A364CCF449FC}
		{106E2EE6-9748-46D7-8DCC-684463F0E09E} = {20543853-AF10-B830-2A3D-9FE9F6ECBF6C}
		{B5DA249B-E4FA-4DEF-A6BA-886315451040} = {20543853-AF10-B830-2A3D-9FE9F6ECBF6C}
		{C068D7D9-4664-4448-926F-C306597BC0F6} = {20543853-AF10-B830-2A3D-9FE9F6ECBF6C}
		{8F645DC9-1C01-458D-B136-3A2A2077FAC1} = {20543853-AF10-B830-2A3D-9FE9F6ECBF6C}
		{7D15F859-75CC-4F38-BAA5-A8FEA0B915BB} = {8FDB07CC-FFE6-CDE9-B6DB-9B744D6CC243}
		{4C499DEB-7CF5-4BD7-BC11-518BB4977128} = {8FDB07CC-FFE6-CDE9-B6DB-9B744D6CC243}
		{245A5AA2-D858-4EDB-996D-9B12345A59AA} = {DAD03CFC-D5FA-AC94-41C7-9ABAB326F09E}
	EndGlobalSection
	GlobalSection(ExtensibilityGlobals) = postSolution
		SolutionGuid = {45E6A590-AF82-4DE8-92C1-FA2247E7B867}
	EndGlobalSection
EndGlobal
